<Solution>
  <Folder Name="/src/">
    <Project Path="src/PazScan.Agent.Console/PazScan.Agent.Console.csproj" />
    <Project Path="src/PazScan.Agent.Windows/PazScan.Agent.Windows.csproj" />
    <Project Path="src/PazScan.Core/PazScan.Core.csproj" />
  </Folder>
  <Folder Name="/tests/">
    <Project Path="tests/PazScan.Core.Tests/PazScan.Core.Tests.csproj" />
  </Folder>
</Solution>
